
Microsoft Visual Studio Solution File, Format Version 12.00
# Visual Studio Version 17
VisualStudioVersion = 17.8.34330.188
MinimumVisualStudioVersion = 10.0.40219.1
Project("{FAE04EC0-301F-11D3-BF4B-00C04F79EFBC}") = "EmployeeAPI", "EmployeeAPI\EmployeeAPI.csproj", "{ABD9AD8E-4B7F-4E0D-9126-1F48F8FDE302}"
EndProject
Global
	GlobalSection(SolutionConfigurationPlatforms) = preSolution
		Debug|Any CPU = Debug|Any CPU
		Release|Any CPU = Release|Any CPU
	EndGlobalSection
	GlobalSection(ProjectConfigurationPlatforms) = postSolution
		{ABD9AD8E-4B7F-4E0D-9126-1F48F8FDE302}.Debug|Any CPU.ActiveCfg = Debug|Any CPU
		{ABD9AD8E-4B7F-4E0D-9126-1F48F8FDE302}.Debug|Any CPU.Build.0 = Debug|Any CPU
		{ABD9AD8E-4B7F-4E0D-9126-1F48F8FDE302}.Release|Any CPU.ActiveCfg = Release|Any CPU
		{ABD9AD8E-4B7F-4E0D-9126-1F48F8FDE302}.Release|Any CPU.Build.0 = Release|Any CPU
	EndGlobalSection
	GlobalSection(SolutionProperties) = preSolution
		HideSolutionNode = FALSE
	EndGlobalSection
	GlobalSection(ExtensibilityGlobals) = postSolution
		SolutionGuid = {9F2EDAA3-CFD4-439A-88DE-0476F329632E}
	EndGlobalSection
EndGlobal
